
Microsoft Visual Studio Solution File, Format Version 12.00
# Visual Studio Version 17
VisualStudioVersion = 17.4.33110.190
MinimumVisualStudioVersion = 10.0.40219.1
Project("{FAE04EC0-301F-11D3-BF4B-00C04F79EFBC}") = "Middleware", "Middleware\Middleware.csproj", "{E079FEDE-95A2-44BA-BE36-8EF339A53887}"
EndProject
Project("{FAE04EC0-301F-11D3-BF4B-00C04F79EFBC}") = "TestAplication", "TestAplication\TestAplication.csproj", "{3E174B9F-E4F6-48ED-84AC-36DD0B0DAD8A}"
EndProject
Project("{FAE04EC0-301F-11D3-BF4B-00C04F79EFBC}") = "LightB", "LightB\LightB.csproj", "{41A0C681-768E-4F5F-8163-022CE6D15F4C}"
EndProject
Project("{FAE04EC0-301F-11D3-BF4B-00C04F79EFBC}") = "LightA", "LightA\LightA.csproj", "{CDF1D9E8-11A1-4CED-84A2-3B8A9F6FA0C4}"
EndProject
Project("{FAE04EC0-301F-11D3-BF4B-00C04F79EFBC}") = "Remote", "Remote\Remote.csproj", "{462C1D4F-E388-428D-ADA3-4989439BED94}"
EndProject
Project("{FAE04EC0-301F-11D3-BF4B-00C04F79EFBC}") = "Gate", "Gate\Gate.csproj", "{2A4D46FC-8DDC-49B3-AC47-3F0156FC05C6}"
EndProject
Project("{2150E333-8FDC-42A3-9474-1A3956D46DE8}") = "Pictures", "Pictures", "{7E71316E-1D95-4169-85E1-5F871EC55675}"
	ProjectSection(SolutionItems) = preProject
		gate-close.png = gate-close.png
		gate-open.png = gate-open.png
	EndProjectSection
EndProject
Global
	GlobalSection(SolutionConfigurationPlatforms) = preSolution
		Debug|Any CPU = Debug|Any CPU
		Release|Any CPU = Release|Any CPU
	EndGlobalSection
	GlobalSection(ProjectConfigurationPlatforms) = postSolution
		{E079FEDE-95A2-44BA-BE36-8EF339A53887}.Debug|Any CPU.ActiveCfg = Debug|Any CPU
		{E079FEDE-95A2-44BA-BE36-8EF339A53887}.Debug|Any CPU.Build.0 = Debug|Any CPU
		{E079FEDE-95A2-44BA-BE36-8EF339A53887}.Release|Any CPU.ActiveCfg = Release|Any CPU
		{E079FEDE-95A2-44BA-BE36-8EF339A53887}.Release|Any CPU.Build.0 = Release|Any CPU
		{3E174B9F-E4F6-48ED-84AC-36DD0B0DAD8A}.Debug|Any CPU.ActiveCfg = Debug|Any CPU
		{3E174B9F-E4F6-48ED-84AC-36DD0B0DAD8A}.Debug|Any CPU.Build.0 = Debug|Any CPU
		{3E174B9F-E4F6-48ED-84AC-36DD0B0DAD8A}.Release|Any CPU.ActiveCfg = Release|Any CPU
		{3E174B9F-E4F6-48ED-84AC-36DD0B0DAD8A}.Release|Any CPU.Build.0 = Release|Any CPU
		{41A0C681-768E-4F5F-8163-022CE6D15F4C}.Debug|Any CPU.ActiveCfg = Debug|Any CPU
		{41A0C681-768E-4F5F-8163-022CE6D15F4C}.Debug|Any CPU.Build.0 = Debug|Any CPU
		{41A0C681-768E-4F5F-8163-022CE6D15F4C}.Release|Any CPU.ActiveCfg = Release|Any CPU
		{41A0C681-768E-4F5F-8163-022CE6D15F4C}.Release|Any CPU.Build.0 = Release|Any CPU
		{CDF1D9E8-11A1-4CED-84A2-3B8A9F6FA0C4}.Debug|Any CPU.ActiveCfg = Debug|Any CPU
		{CDF1D9E8-11A1-4CED-84A2-3B8A9F6FA0C4}.Debug|Any CPU.Build.0 = Debug|Any CPU
		{CDF1D9E8-11A1-4CED-84A2-3B8A9F6FA0C4}.Release|Any CPU.ActiveCfg = Release|Any CPU
		{CDF1D9E8-11A1-4CED-84A2-3B8A9F6FA0C4}.Release|Any CPU.Build.0 = Release|Any CPU
		{462C1D4F-E388-428D-ADA3-4989439BED94}.Debug|Any CPU.ActiveCfg = Debug|Any CPU
		{462C1D4F-E388-428D-ADA3-4989439BED94}.Debug|Any CPU.Build.0 = Debug|Any CPU
		{462C1D4F-E388-428D-ADA3-4989439BED94}.Release|Any CPU.ActiveCfg = Release|Any CPU
		{462C1D4F-E388-428D-ADA3-4989439BED94}.Release|Any CPU.Build.0 = Release|Any CPU
		{2A4D46FC-8DDC-49B3-AC47-3F0156FC05C6}.Debug|Any CPU.ActiveCfg = Debug|Any CPU
		{2A4D46FC-8DDC-49B3-AC47-3F0156FC05C6}.Debug|Any CPU.Build.0 = Debug|Any CPU
		{2A4D46FC-8DDC-49B3-AC47-3F0156FC05C6}.Release|Any CPU.ActiveCfg = Release|Any CPU
		{2A4D46FC-8DDC-49B3-AC47-3F0156FC05C6}.Release|Any CPU.Build.0 = Release|Any CPU
	EndGlobalSection
	GlobalSection(SolutionProperties) = preSolution
		HideSolutionNode = FALSE
	EndGlobalSection
	GlobalSection(ExtensibilityGlobals) = postSolution
		SolutionGuid = {E94ABA9C-470C-4930-9172-471BD24F0B91}
	EndGlobalSection
EndGlobal
