
Microsoft Visual Studio Solution File, Format Version 12.00
# Visual Studio Version 17
VisualStudioVersion = 17.4.33110.190
MinimumVisualStudioVersion = 10.0.40219.1
Project("{FAE04EC0-301F-11D3-BF4B-00C04F79EFBC}") = "Middleware", "Middleware\Middleware.csproj", "{E079FEDE-95A2-44BA-BE36-8EF339A53887}"
EndProject
Project("{FAE04EC0-301F-11D3-BF4B-00C04F79EFBC}") = "TestAplication", "TestAplication\TestAplication.csproj", "{3E174B9F-E4F6-48ED-84AC-36DD0B0DAD8A}"
EndProject
Global
	GlobalSection(SolutionConfigurationPlatforms) = preSolution
		Debug|Any CPU = Debug|Any CPU
		Release|Any CPU = Release|Any CPU
	EndGlobalSection
	GlobalSection(ProjectConfigurationPlatforms) = postSolution
		{E079FEDE-95A2-44BA-BE36-8EF339A53887}.Debug|Any CPU.ActiveCfg = Debug|Any CPU
		{E079FEDE-95A2-44BA-BE36-8EF339A53887}.Debug|Any CPU.Build.0 = Debug|Any CPU
		{E079FEDE-95A2-44BA-BE36-8EF339A53887}.Release|Any CPU.ActiveCfg = Release|Any CPU
		{E079FEDE-95A2-44BA-BE36-8EF339A53887}.Release|Any CPU.Build.0 = Release|Any CPU
		{3E174B9F-E4F6-48ED-84AC-36DD0B0DAD8A}.Debug|Any CPU.ActiveCfg = Debug|Any CPU
		{3E174B9F-E4F6-48ED-84AC-36DD0B0DAD8A}.Debug|Any CPU.Build.0 = Debug|Any CPU
		{3E174B9F-E4F6-48ED-84AC-36DD0B0DAD8A}.Release|Any CPU.ActiveCfg = Release|Any CPU
		{3E174B9F-E4F6-48ED-84AC-36DD0B0DAD8A}.Release|Any CPU.Build.0 = Release|Any CPU
	EndGlobalSection
	GlobalSection(SolutionProperties) = preSolution
		HideSolutionNode = FALSE
	EndGlobalSection
	GlobalSection(ExtensibilityGlobals) = postSolution
		SolutionGuid = {E94ABA9C-470C-4930-9172-471BD24F0B91}
	EndGlobalSection
EndGlobal
